# @generated - this file is auto-generated by `mise lock` https://mise.jdx.dev/dev-tools/mise-lock.html

lockfile_version = 2

[[tools.cargo-deny]]
version = "0.20.2"
backend = "aqua:EmbarkStudios/cargo-deny"
specifiers = ["0.20.2"]

[tools.cargo-deny."platforms.linux-arm64"]
checksum = "sha256:995c82be0defc7a025cae49a2aa2644ce8245c9a3318fc4103907c6a285e8c7d"
url = "https://github.com/EmbarkStudios/cargo-deny/releases/download/0.20.2/cargo-deny-0.20.2-aarch64-unknown-linux-musl.tar.gz"
url_api = "https://api.github.com/repos/EmbarkStudios/cargo-deny/releases/assets/471598345"

[tools.cargo-deny."platforms.linux-x64"]
checksum = "sha256:9f12ed4c49936e09b48bf862b595cde2fe64fcbd9d74dfacac6131ca824c8d5f"
url = "https://github.com/EmbarkStudios/cargo-deny/releases/download/0.20.2/cargo-deny-0.20.2-x86_64-unknown-linux-musl.tar.gz"
url_api = "https://api.github.com/repos/EmbarkStudios/cargo-deny/releases/assets/471598214"

[tools.cargo-deny."platforms.macos-arm64"]
checksum = "sha256:fe67d82a10d8597a3549364cb733a3f9cc1bfff9031b7ae46384a9f2a72090c3"
url = "https://github.com/EmbarkStudios/cargo-deny/releases/download/0.20.2/cargo-deny-0.20.2-aarch64-apple-darwin.tar.gz"
url_api = "https://api.github.com/repos/EmbarkStudios/cargo-deny/releases/assets/471597689"

[[tools."cargo:cargo-mutants"]]
version = "27.1.0"
backend = "cargo:cargo-mutants"
specifiers = ["27.1.0"]

[[tools.cmake]]
version = "4.4.3"
backend = "aqua:Kitware/CMake"
specifiers = ["4.4.3"]

[tools.cmake."platforms.linux-arm64"]
checksum = "sha256:2efc974dbd63b4444c0e8494b92f2e80c2d7e635b4b80eac2916985ddd8f72a6"
url = "https://github.com/Kitware/CMake/releases/download/v4.4.3/cmake-4.4.3-linux-aarch64.tar.gz"
url_api = "https://api.github.com/repos/Kitware/CMake/releases/assets/529577299"

[tools.cmake."platforms.linux-x64"]
checksum = "sha256:d6c83076c575bc00b823522ac974bda66d0af05d6ddc30e739c12385cf32c6cc"
url = "https://github.com/Kitware/CMake/releases/download/v4.4.3/cmake-4.4.3-linux-x86_64.tar.gz"
url_api = "https://api.github.com/repos/Kitware/CMake/releases/assets/529577408"

[tools.cmake."platforms.macos-arm64"]
checksum = "sha256:0c5d65251c14cc884bfa16bdbed3c263ce5bffe2e21c0d0d00962cb0610464fa"
url = "https://github.com/Kitware/CMake/releases/download/v4.4.3/cmake-4.4.3-macos-universal.tar.gz"
url_api = "https://api.github.com/repos/Kitware/CMake/releases/assets/529577557"

[[tools."github:AlexxIT/go2rtc"]]
version = "1.9.14"
backend = "github:AlexxIT/go2rtc"
specifiers = ["1.9.14"]

[tools."github:AlexxIT/go2rtc".options]
asset_pattern = "go2rtc_linux_amd64"

[tools."github:AlexxIT/go2rtc"."platforms.linux-x64"]
checksum = "sha256:32d616af226bd731678ffde328b94cfb94e30339bfefc469cfb76323144615a6"
url = "https://github.com/AlexxIT/go2rtc/releases/download/v1.9.14/go2rtc_linux_amd64"
url_api = "https://api.github.com/repos/AlexxIT/go2rtc/releases/assets/342672036"

[[tools."github:AlexxIT/go2rtc"]]
version = "1.9.14"
backend = "github:AlexxIT/go2rtc"
specifiers = ["1.9.14"]

[tools."github:AlexxIT/go2rtc".options]
asset_pattern = "go2rtc_mac_arm64.zip"

[tools."github:AlexxIT/go2rtc"."platforms.macos-arm64"]
checksum = "sha256:919b78adc759d6b3883d1e1b2ac915ac0985bb903ff1897b4d228527bd64690c"
url = "https://github.com/AlexxIT/go2rtc/releases/download/v1.9.14/go2rtc_mac_arm64.zip"
url_api = "https://api.github.com/repos/AlexxIT/go2rtc/releases/assets/342672190"

[[tools."github:AlexxIT/go2rtc"]]
version = "1.9.14"
backend = "github:AlexxIT/go2rtc"
specifiers = ["1.9.14"]

[tools."github:AlexxIT/go2rtc".options]
asset_pattern = "go2rtc_linux_arm64"

[tools."github:AlexxIT/go2rtc"."platforms.linux-arm64"]
checksum = "sha256:359fabade8a7a51e81a55fe6df6b0ef81764a5e1d63179577534eaaa71904b50"
url = "https://github.com/AlexxIT/go2rtc/releases/download/v1.9.14/go2rtc_linux_arm64"
url_api = "https://api.github.com/repos/AlexxIT/go2rtc/releases/assets/342672062"

[[tools."github:BtbN/FFmpeg-Builds"]]
version = "autobuild-2026-09-30-13-08"
backend = "github:BtbN/FFmpeg-Builds"
specifiers = ["autobuild-2026-09-30-13-08"]

[tools."github:BtbN/FFmpeg-Builds".options]
asset_pattern = "ffmpeg-n9.0.2-17-g2a571b6068-linux64-gpl-9.0.tar.xz"
version_prefix = ""

[tools."github:BtbN/FFmpeg-Builds"."platforms.linux-x64"]
checksum = "sha256:68ee646831adaae2495618346f3bba94ff207ff83bbd34d643e7004730d66269"
url = "https://github.com/BtbN/FFmpeg-Builds/releases/download/autobuild-2026-09-30-13-08/ffmpeg-n9.0.2-17-g2a571b6068-linux64-gpl-9.0.tar.xz"
url_api = "https://api.github.com/repos/BtbN/FFmpeg-Builds/releases/assets/600951759"

[[tools."github:BtbN/FFmpeg-Builds"]]
version = "autobuild-2026-09-30-13-08"
backend = "github:BtbN/FFmpeg-Builds"
specifiers = ["autobuild-2026-09-30-13-08"]

[tools."github:BtbN/FFmpeg-Builds".options]
asset_pattern = "ffmpeg-n9.0.2-17-g2a571b6068-linuxarm64-gpl-9.0.tar.xz"
version_prefix = ""

[tools."github:BtbN/FFmpeg-Builds"."platforms.linux-arm64"]
checksum = "sha256:91afcd7695d4bbbb9e0057aa10baaf9875ec4e1a97303f9059ec971336a2ab46"
url = "https://github.com/BtbN/FFmpeg-Builds/releases/download/autobuild-2026-09-30-13-08/ffmpeg-n9.0.2-17-g2a571b6068-linuxarm64-gpl-9.0.tar.xz"
url_api = "https://api.github.com/repos/BtbN/FFmpeg-Builds/releases/assets/600951955"

[[tools."github:BtbN/FFmpeg-Builds"]]
version = "autobuild-2026-09-30-13-08"
backend = "github:BtbN/FFmpeg-Builds"
specifiers = ["autobuild-2026-09-30-13-08"]

[tools."github:BtbN/FFmpeg-Builds".options]
version_prefix = ""

[tools."github:BtbN/FFmpeg-Builds"."platforms.macos-arm64"]
checksum = "sha256:b1944308d6306839f6ce22095920de7e6f31f9ec901834fe1257e013d9fc3aa7"
url = "https://github.com/BtbN/FFmpeg-Builds/releases/download/autobuild-2026-09-30-13-08/ffmpeg-N-127021-ge0c94b2d1c-linuxarm64-gpl.tar.xz"
url_api = "https://api.github.com/repos/BtbN/FFmpeg-Builds/releases/assets/600951222"

[[tools."github:CycloneDX/cyclonedx-rust-cargo"]]
version = "0.5.9"
backend = "github:CycloneDX/cyclonedx-rust-cargo"
specifiers = ["0.5.9"]

[tools."github:CycloneDX/cyclonedx-rust-cargo".options]
version_prefix = "cargo-cyclonedx-"

[tools."github:CycloneDX/cyclonedx-rust-cargo"."platforms.linux-arm64"]
checksum = "sha256:7bf131ca5389b07a4f10c182bcf8a5ad339d64408b6f0d8f6834a0bd6120a06a"
url = "https://github.com/CycloneDX/cyclonedx-rust-cargo/releases/download/cargo-cyclonedx-0.5.9/cargo-cyclonedx-aarch64-unknown-linux-gnu.tar.xz"
url_api = "https://api.github.com/repos/CycloneDX/cyclonedx-rust-cargo/releases/assets/377060331"
provenance = "github-attestations"

[tools."github:CycloneDX/cyclonedx-rust-cargo"."platforms.linux-x64"]
checksum = "sha256:fb8dbee9f182173e062a64a387b21a0badc6fab8b2abf9294973f012972bf6d8"
url = "https://github.com/CycloneDX/cyclonedx-rust-cargo/releases/download/cargo-cyclonedx-0.5.9/cargo-cyclonedx-x86_64-unknown-linux-gnu.tar.xz"
url_api = "https://api.github.com/repos/CycloneDX/cyclonedx-rust-cargo/releases/assets/377060340"
provenance = "github-attestations"

[tools."github:CycloneDX/cyclonedx-rust-cargo"."platforms.macos-arm64"]
checksum = "sha256:4c53dfa21e70b65bf7f8d2592aadde3bcb02c1a40b6ec63b877e5ca65a29e180"
url = "https://github.com/CycloneDX/cyclonedx-rust-cargo/releases/download/cargo-cyclonedx-0.5.9/cargo-cyclonedx-aarch64-apple-darwin.tar.xz"
url_api = "https://api.github.com/repos/CycloneDX/cyclonedx-rust-cargo/releases/assets/377060329"
provenance = "github-attestations"

[[tools."github:EmbarkStudios/cargo-about"]]
version = "0.9.2"
backend = "github:EmbarkStudios/cargo-about"
specifiers = ["0.9.2"]

[tools."github:EmbarkStudios/cargo-about"."platforms.linux-arm64"]
checksum = "sha256:af5169282fb6f84e13471493f405437e43ac517744c9ae12fbe2cdf0a6f0e5a8"
url = "https://github.com/EmbarkStudios/cargo-about/releases/download/0.9.2/cargo-about-0.9.2-aarch64-unknown-linux-musl.tar.gz"
url_api = "https://api.github.com/repos/EmbarkStudios/cargo-about/releases/assets/519590290"

[tools."github:EmbarkStudios/cargo-about"."platforms.linux-x64"]
checksum = "sha256:9099a59e820c38a68b9d65f300662a567d56562f9a10f6aa4c7e86c17c2566af"
url = "https://github.com/EmbarkStudios/cargo-about/releases/download/0.9.2/cargo-about-0.9.2-x86_64-unknown-linux-musl.tar.gz"
url_api = "https://api.github.com/repos/EmbarkStudios/cargo-about/releases/assets/519590057"

[tools."github:EmbarkStudios/cargo-about"."platforms.macos-arm64"]
checksum = "sha256:ae72f0df0c399a1e96336f696fa55b1b28679fd725632eba8cf8e4568467cc3e"
url = "https://github.com/EmbarkStudios/cargo-about/releases/download/0.9.2/cargo-about-0.9.2-aarch64-apple-darwin.tar.gz"
url_api = "https://api.github.com/repos/EmbarkStudios/cargo-about/releases/assets/519589772"

[[tools."github:bluenviron/mediamtx"]]
version = "1.21.1"
backend = "github:bluenviron/mediamtx"
specifiers = ["1.21.1"]

[tools."github:bluenviron/mediamtx"."platforms.linux-arm64"]
checksum = "sha256:6a3aa635fb60ea9b8d566ec306f0a42ff1b6b52a3942bc2baffbe55880d4c3dd"
url = "https://github.com/bluenviron/mediamtx/releases/download/v1.21.1/mediamtx_v1.21.1_linux_arm64.tar.gz"
url_api = "https://api.github.com/repos/bluenviron/mediamtx/releases/assets/577109573"
provenance = "github-attestations"

[tools."github:bluenviron/mediamtx"."platforms.linux-x64"]
checksum = "sha256:653abc672a3e693f8d3b2717752492fdcfb8072291ec108d03d3dd857411b0ee"
url = "https://github.com/bluenviron/mediamtx/releases/download/v1.21.1/mediamtx_v1.21.1_linux_amd64.tar.gz"
url_api = "https://api.github.com/repos/bluenviron/mediamtx/releases/assets/577109534"
provenance = "github-attestations"

[tools."github:bluenviron/mediamtx"."platforms.macos-arm64"]
checksum = "sha256:25e20ed41611f1f3103b8359585210b29b11b69fa0d9e11bd11b92f7bbcb42ef"
url = "https://github.com/bluenviron/mediamtx/releases/download/v1.21.1/mediamtx_v1.21.1_darwin_arm64.tar.gz"
url_api = "https://api.github.com/repos/bluenviron/mediamtx/releases/assets/577109505"
provenance = "github-attestations"

[[tools."github:boshen/cargo-shear"]]
version = "1.14.0"
backend = "github:boshen/cargo-shear"
specifiers = ["1.14.0"]

[tools."github:boshen/cargo-shear"."platforms.linux-arm64"]
checksum = "sha256:947d69177d812048452866d90b05d1bf95550f487522b922ebf0c0677a5698f8"
url = "https://github.com/Boshen/cargo-shear/releases/download/v1.14.0/cargo-shear-aarch64-unknown-linux-gnu.tar.gz"
url_api = "https://api.github.com/repos/Boshen/cargo-shear/releases/assets/580851818"
provenance = "github-attestations"

[tools."github:boshen/cargo-shear"."platforms.linux-x64"]
checksum = "sha256:1d7d860fdbd0d95857ff1f2643cc70d20c5d31236159ad51be7ce436eb3e5bf4"
url = "https://github.com/Boshen/cargo-shear/releases/download/v1.14.0/cargo-shear-x86_64-unknown-linux-gnu.tar.gz"
url_api = "https://api.github.com/repos/Boshen/cargo-shear/releases/assets/580851856"
provenance = "github-attestations"

[tools."github:boshen/cargo-shear"."platforms.macos-arm64"]
checksum = "sha256:e50b9375b1e93d2293c803819c118337f1e8fce519e4188a93bb0f5e08041ca3"
url = "https://github.com/Boshen/cargo-shear/releases/download/v1.14.0/cargo-shear-aarch64-apple-darwin.tar.gz"
url_api = "https://api.github.com/repos/Boshen/cargo-shear/releases/assets/580851820"
provenance = "github-attestations"

[[tools."github:nextest-rs/nextest"]]
version = "0.9.146"
backend = "github:nextest-rs/nextest"
specifiers = ["0.9.146"]

[tools."github:nextest-rs/nextest".options]
version_prefix = "cargo-nextest-"

[tools."github:nextest-rs/nextest"."platforms.linux-arm64"]
checksum = "sha256:b2e33d7c72de7ade0ff7b3a948ac37516b24f8a836b7a8870c1f634a94be9de9"
url = "https://github.com/nextest-rs/nextest/releases/download/cargo-nextest-0.9.146/cargo-nextest-0.9.146-aarch64-unknown-linux-gnu.tar.gz"
url_api = "https://api.github.com/repos/nextest-rs/nextest/releases/assets/579608024"
provenance = "github-attestations"

[tools."github:nextest-rs/nextest"."platforms.linux-x64"]
checksum = "sha256:682c21b777c333e96fd532e114d3a5a894e0729ab88d94c0a9f20f8419695428"
url = "https://github.com/nextest-rs/nextest/releases/download/cargo-nextest-0.9.146/cargo-nextest-0.9.146-x86_64-unknown-linux-gnu.tar.gz"
url_api = "https://api.github.com/repos/nextest-rs/nextest/releases/assets/579609342"
provenance = "github-attestations"

[tools."github:nextest-rs/nextest"."platforms.macos-arm64"]
checksum = "sha256:39785160b3c2f6ed9a765049cf4fa79f3b39aa02eb7598a5a0e2a1a0b9ffb9a8"
url = "https://github.com/nextest-rs/nextest/releases/download/cargo-nextest-0.9.146/cargo-nextest-0.9.146-universal-apple-darwin.tar.gz"
url_api = "https://api.github.com/repos/nextest-rs/nextest/releases/assets/579630774"
provenance = "github-attestations"

[[tools."github:release-plz/release-plz"]]
version = "0.3.169"
backend = "github:release-plz/release-plz"
specifiers = ["0.3.169"]

[tools."github:release-plz/release-plz".options]
version_prefix = "release-plz-v"

[tools."github:release-plz/release-plz"."platforms.linux-arm64"]
checksum = "sha256:6d4ce34d00342a7b10557cf03a893f8d68737063c8f49faaed26ae54daf2a4c6"
url = "https://github.com/release-plz/release-plz/releases/download/release-plz-v0.3.169/release-plz-aarch64-unknown-linux-gnu.tar.gz"
url_api = "https://api.github.com/repos/release-plz/release-plz/releases/assets/574584525"

[tools."github:release-plz/release-plz"."platforms.linux-x64"]
checksum = "sha256:1455106d3263712dd796ee04869eaee98b274e1e2e18011f67682b1f2840b64d"
url = "https://github.com/release-plz/release-plz/releases/download/release-plz-v0.3.169/release-plz-x86_64-unknown-linux-gnu.tar.gz"
url_api = "https://api.github.com/repos/release-plz/release-plz/releases/assets/574579224"

[tools."github:release-plz/release-plz"."platforms.macos-arm64"]
checksum = "sha256:3bb728a921e0f9d6aca48723de2d8a49a71099ca8a113efb9350781120648a7e"
url = "https://github.com/release-plz/release-plz/releases/download/release-plz-v0.3.169/release-plz-aarch64-apple-darwin.tar.gz"
url_api = "https://api.github.com/repos/release-plz/release-plz/releases/assets/574581763"

[[tools."github:rust-cross/cargo-zigbuild"]]
version = "0.23.4"
backend = "github:rust-cross/cargo-zigbuild"
specifiers = ["0.23.4"]

[tools."github:rust-cross/cargo-zigbuild"."platforms.linux-arm64"]
checksum = "sha256:25cf2cdc6cde848b33a761ff2cf46d1efe6ba7e1adfc4b6f3ee2d570cacb5419"
url = "https://github.com/rust-cross/cargo-zigbuild/releases/download/v0.23.4/cargo-zigbuild-aarch64-unknown-linux-gnu.tar.xz"
url_api = "https://api.github.com/repos/rust-cross/cargo-zigbuild/releases/assets/541272860"

[tools."github:rust-cross/cargo-zigbuild"."platforms.linux-x64"]
checksum = "sha256:6b69963040818ca1ef573d8135a95aa902e17cf7f873c32c6426642dadfe7f59"
url = "https://github.com/rust-cross/cargo-zigbuild/releases/download/v0.23.4/cargo-zigbuild-x86_64-unknown-linux-gnu.tar.xz"
url_api = "https://api.github.com/repos/rust-cross/cargo-zigbuild/releases/assets/541272889"

[tools."github:rust-cross/cargo-zigbuild"."platforms.macos-arm64"]
checksum = "sha256:ca2369ae1a9995542206a6c18dd372acff94dddeb9d7c07e09bfb7594197cea3"
url = "https://github.com/rust-cross/cargo-zigbuild/releases/download/v0.23.4/cargo-zigbuild-aarch64-apple-darwin.tar.xz"
url_api = "https://api.github.com/repos/rust-cross/cargo-zigbuild/releases/assets/541272865"

[[tools."github:taiki-e/cargo-hack"]]
version = "0.6.45"
backend = "github:taiki-e/cargo-hack"
specifiers = ["0.6.45"]

[tools."github:taiki-e/cargo-hack"."platforms.linux-arm64"]
checksum = "sha256:821536b7dc4666764d36c09e665affcf98e3d69f5a99b171c03d47d3ec24d0e7"
url = "https://github.com/taiki-e/cargo-hack/releases/download/v0.6.45/cargo-hack-aarch64-unknown-linux-gnu.tar.gz"
url_api = "https://api.github.com/repos/taiki-e/cargo-hack/releases/assets/433843287"
provenance = "github-attestations"

[tools."github:taiki-e/cargo-hack"."platforms.linux-x64"]
checksum = "sha256:16394b932180a4ae509a22b3b8294fc2525573d8592420133c428457ed676d5d"
url = "https://github.com/taiki-e/cargo-hack/releases/download/v0.6.45/cargo-hack-x86_64-unknown-linux-gnu.tar.gz"
url_api = "https://api.github.com/repos/taiki-e/cargo-hack/releases/assets/433843006"
provenance = "github-attestations"

[tools."github:taiki-e/cargo-hack"."platforms.macos-arm64"]
checksum = "sha256:af0ab90e56aa716ae9f545a93e4338d4f36525e187d367b6519da71b60249b50"
url = "https://github.com/taiki-e/cargo-hack/releases/download/v0.6.45/cargo-hack-aarch64-apple-darwin.tar.gz"
url_api = "https://api.github.com/repos/taiki-e/cargo-hack/releases/assets/433843066"
provenance = "github-attestations"

[[tools."github:taiki-e/cargo-llvm-cov"]]
version = "0.9.1"
backend = "github:taiki-e/cargo-llvm-cov"
specifiers = ["0.9.1"]

[tools."github:taiki-e/cargo-llvm-cov"."platforms.linux-arm64"]
checksum = "sha256:abf5f13c1520f8756d2192bfaaeadb0208f5b7eaa8cadc15bf847befa42b7360"
url = "https://github.com/taiki-e/cargo-llvm-cov/releases/download/v0.9.1/cargo-llvm-cov-aarch64-unknown-linux-gnu.tar.gz"
url_api = "https://api.github.com/repos/taiki-e/cargo-llvm-cov/releases/assets/547403281"
provenance = "github-attestations"

[tools."github:taiki-e/cargo-llvm-cov"."platforms.linux-x64"]
checksum = "sha256:b3f68e625481fed9b16444174f3fa5ebcdbde4a1878803a35eabe2dcefcdc41a"
url = "https://github.com/taiki-e/cargo-llvm-cov/releases/download/v0.9.1/cargo-llvm-cov-x86_64-unknown-linux-gnu.tar.gz"
url_api = "https://api.github.com/repos/taiki-e/cargo-llvm-cov/releases/assets/547403171"
provenance = "github-attestations"

[tools."github:taiki-e/cargo-llvm-cov"."platforms.macos-arm64"]
checksum = "sha256:7e821a6c90c0884f79f759f5d9be50799ade67bb82515186d922f26032ef43b8"
url = "https://github.com/taiki-e/cargo-llvm-cov/releases/download/v0.9.1/cargo-llvm-cov-aarch64-apple-darwin.tar.gz"
url_api = "https://api.github.com/repos/taiki-e/cargo-llvm-cov/releases/assets/547403359"
provenance = "github-attestations"

[[tools."http:ffmpeg"]]
version = "9.0.2"
backend = "http:ffmpeg"
specifiers = ["9.0.2"]

[tools."http:ffmpeg"."platforms.linux-arm64"]
checksum = "sha256:c8ed4c4e6978a03c485edbfe4e0a5dc2380f8a30bba5150531b31b094492d924"
url = "https://ffmpeg.martin-riedl.de/download/macos/arm64/1789931890_9.0.2/ffmpeg.zip"

[tools."http:ffmpeg"."platforms.linux-x64"]
checksum = "sha256:c8ed4c4e6978a03c485edbfe4e0a5dc2380f8a30bba5150531b31b094492d924"
url = "https://ffmpeg.martin-riedl.de/download/macos/arm64/1789931890_9.0.2/ffmpeg.zip"

[tools."http:ffmpeg"."platforms.macos-arm64"]
checksum = "sha256:c8ed4c4e6978a03c485edbfe4e0a5dc2380f8a30bba5150531b31b094492d924"
url = "https://ffmpeg.martin-riedl.de/download/macos/arm64/1789931890_9.0.2/ffmpeg.zip"

[[tools.prek]]
version = "0.5.4"
backend = "aqua:j178/prek"
specifiers = ["0.5.4"]

[tools.prek."platforms.linux-arm64"]
checksum = "sha256:5478e436210b5226b8db3dccdd1a2e9094b1c63d81155d96bfa8b83f0398885c"
url = "https://github.com/j178/prek/releases/download/v0.5.4/prek-aarch64-unknown-linux-gnu.tar.gz"
url_api = "https://api.github.com/repos/j178/prek/releases/assets/594534943"
provenance = "github-attestations"

[tools.prek."platforms.linux-x64"]
checksum = "sha256:6147dfe64051af590f4bfc2c073a0780fb5e2cc37d9eab8e47fe9fe26c7dfb80"
url = "https://github.com/j178/prek/releases/download/v0.5.4/prek-x86_64-unknown-linux-gnu.tar.gz"
url_api = "https://api.github.com/repos/j178/prek/releases/assets/594534988"
provenance = "github-attestations"

[tools.prek."platforms.macos-arm64"]
checksum = "sha256:88eec06dd10fd61a9b345223fafc9bedb6746ee4cc47377551239d89d752b365"
url = "https://github.com/j178/prek/releases/download/v0.5.4/prek-aarch64-apple-darwin.tar.gz"
url_api = "https://api.github.com/repos/j178/prek/releases/assets/594534934"
provenance = "github-attestations"

[[tools.rust]]
version = "1.98.0"
backend = "core:rust"
specifiers = ["1.98.0"]

[tools.rust.options]
components = "clippy,llvm-tools,rustfmt"
profile = "minimal"
targets = "aarch64-unknown-linux-musl,x86_64-unknown-linux-musl"

[[tools.shellcheck]]
version = "0.11.0"
backend = "aqua:koalaman/shellcheck"
specifiers = ["0.11.0"]

[tools.shellcheck."platforms.linux-arm64"]
checksum = "sha256:12b331c1d2db6b9eb13cfca64306b1b157a86eb69db83023e261eaa7e7c14588"
url = "https://github.com/koalaman/shellcheck/releases/download/v0.11.0/shellcheck-v0.11.0.linux.aarch64.tar.xz"
url_api = "https://api.github.com/repos/koalaman/shellcheck/releases/assets/279056934"

[tools.shellcheck."platforms.linux-x64"]
checksum = "sha256:8c3be12b05d5c177a04c29e3c78ce89ac86f1595681cab149b65b97c4e227198"
url = "https://github.com/koalaman/shellcheck/releases/download/v0.11.0/shellcheck-v0.11.0.linux.x86_64.tar.xz"
url_api = "https://api.github.com/repos/koalaman/shellcheck/releases/assets/279056942"

[tools.shellcheck."platforms.macos-arm64"]
checksum = "sha256:56affdd8de5527894dca6dc3d7e0a99a873b0f004d7aabc30ae407d3f48b0a79"
url = "https://github.com/koalaman/shellcheck/releases/download/v0.11.0/shellcheck-v0.11.0.darwin.aarch64.tar.xz"
url_api = "https://api.github.com/repos/koalaman/shellcheck/releases/assets/279056932"

[[tools.uv]]
version = "0.12.23"
backend = "aqua:astral-sh/uv"
specifiers = ["0.12.23"]

[tools.uv."platforms.linux-arm64"]
checksum = "sha256:6524bd338177ed50d035d39354e12545e993bbeba2ecbddf0480c5b3a81d313f"
url = "https://github.com/astral-sh/uv/releases/download/0.12.23/uv-aarch64-unknown-linux-gnu.tar.gz"
url_api = "https://api.github.com/repos/astral-sh/uv/releases/assets/608232491"
provenance = "github-attestations"

[tools.uv."platforms.linux-x64"]
checksum = "sha256:9167d72b3319674b6303c4cbe071854bba13ebdf3d76b1a7cbdc175471fb66d6"
url = "https://github.com/astral-sh/uv/releases/download/0.12.23/uv-x86_64-unknown-linux-gnu.tar.gz"
url_api = "https://api.github.com/repos/astral-sh/uv/releases/assets/608232628"
provenance = "github-attestations"

[tools.uv."platforms.macos-arm64"]
checksum = "sha256:50487ae565ccd96e499056b4674d438f4c53170202617b4c759defe0c6a1b544"
url = "https://github.com/astral-sh/uv/releases/download/0.12.23/uv-aarch64-apple-darwin.tar.gz"
url_api = "https://api.github.com/repos/astral-sh/uv/releases/assets/608232483"
provenance = "github-attestations"

[[tools.zig]]
version = "0.15.2"
backend = "core:zig"
specifiers = ["0.15.2"]

[tools.zig."platforms.linux-arm64"]
checksum = "sha256:958ed7d1e00d0ea76590d27666efbf7a932281b3d7ba0c6b01b0ff26498f667f"
url = "https://ziglang.org/download/0.15.2/zig-aarch64-linux-0.15.2.tar.xz"

[tools.zig."platforms.linux-x64"]
checksum = "sha256:02aa270f183da276e5b5920b1dac44a63f1a49e55050ebde3aecc9eb82f93239"
url = "https://ziglang.org/download/0.15.2/zig-x86_64-linux-0.15.2.tar.xz"

[tools.zig."platforms.macos-arm64"]
checksum = "sha256:3cc2bab367e185cdfb27501c4b30b1b0653c28d9f73df8dc91488e66ece5fa6b"
url = "https://ziglang.org/download/0.15.2/zig-aarch64-macos-0.15.2.tar.xz"
